
Microsoft Visual Studio Solution File, Format Version 12.00
# Visual Studio Express 2012 for Web
Project("{FAE04EC0-301F-11D3-BF4B-00C04F79EFBC}") = "SelfHostWebApiOwin", "SelfHostWebApiOwin\SelfHostWebApiOwin.csproj", "{92D0C667-7E54-4EDE-A369-7E3FF5C65F96}"
EndProject
Project("{FAE04EC0-301F-11D3-BF4B-00C04F79EFBC}") = "SelfHostWebApiOwin.Business", "SelfHostWebApiOwin.Business\SelfHostWebApiOwin.Business.csproj", "{A3C9D0F8-27DB-4F2D-A91A-4D36F88C2DC7}"
EndProject
Project("{FAE04EC0-301F-11D3-BF4B-00C04F79EFBC}") = "SelfHostWebApiOwin.Console", "SelfHostWebApiOwinConsole\SelfHostWebApiOwin.Console.csproj", "{39CFF499-85D1-4847-B9C3-DF6547E1578B}"
EndProject
Global
	GlobalSection(SolutionConfigurationPlatforms) = preSolution
		Debug|Any CPU = Debug|Any CPU
		Release|Any CPU = Release|Any CPU
	EndGlobalSection
	GlobalSection(ProjectConfigurationPlatforms) = postSolution
		{92D0C667-7E54-4EDE-A369-7E3FF5C65F96}.Debug|Any CPU.ActiveCfg = Debug|Any CPU
		{92D0C667-7E54-4EDE-A369-7E3FF5C65F96}.Debug|Any CPU.Build.0 = Debug|Any CPU
		{92D0C667-7E54-4EDE-A369-7E3FF5C65F96}.Release|Any CPU.ActiveCfg = Release|Any CPU
		{92D0C667-7E54-4EDE-A369-7E3FF5C65F96}.Release|Any CPU.Build.0 = Release|Any CPU
		{A3C9D0F8-27DB-4F2D-A91A-4D36F88C2DC7}.Debug|Any CPU.ActiveCfg = Debug|Any CPU
		{A3C9D0F8-27DB-4F2D-A91A-4D36F88C2DC7}.Debug|Any CPU.Build.0 = Debug|Any CPU
		{A3C9D0F8-27DB-4F2D-A91A-4D36F88C2DC7}.Release|Any CPU.ActiveCfg = Release|Any CPU
		{A3C9D0F8-27DB-4F2D-A91A-4D36F88C2DC7}.Release|Any CPU.Build.0 = Release|Any CPU
		{39CFF499-85D1-4847-B9C3-DF6547E1578B}.Debug|Any CPU.ActiveCfg = Debug|Any CPU
		{39CFF499-85D1-4847-B9C3-DF6547E1578B}.Debug|Any CPU.Build.0 = Debug|Any CPU
		{39CFF499-85D1-4847-B9C3-DF6547E1578B}.Release|Any CPU.ActiveCfg = Release|Any CPU
		{39CFF499-85D1-4847-B9C3-DF6547E1578B}.Release|Any CPU.Build.0 = Release|Any CPU
	EndGlobalSection
	GlobalSection(SolutionProperties) = preSolution
		HideSolutionNode = FALSE
	EndGlobalSection
EndGlobal
